// !$*UTF8*$!
{
	archiveVersion = 1;
	classes = {
	};
	objectVersion = 77;
	objects = {

/* Begin PBXContainerItemProxy section */
		87A7AC422EE0033C009AF14F /* PBXContainerItemProxy */ = {
			isa = PBXContainerItemProxy;
			containerPortal = 87A7AC2A2EE00338009AF14F /* Project object */;
			proxyType = 1;
			remoteGlobalIDString = 87A7AC312EE00338009AF14F;
			remoteInfo = YourBasicPDF;
		};
		87A7AC4C2EE0033C009AF14F /* PBXContainerItemProxy */ = {
			isa = PBXContainerItemProxy;
			containerPortal = 87A7AC2A2EE00338009AF14F /* Project object */;
			proxyType = 1;
			remoteGlobalIDString = 87A7AC312EE00338009AF14F;
			remoteInfo = YourBasicPDF;
		};
/* End PBXContainerItemProxy section */

/* Begin PBXFileReference section */
		87A7AC322EE00338009AF14F /* YourBasicPDF.app */ = {isa = PBXFileReference; explicitFileType = wrapper.application; includeInIndex = 0; path = YourBasicPDF.app; sourceTree = BUILT_PRODUCTS_DIR; };
		87A7AC412EE0033C009AF14F /* YourBasicPDFTests.xctest */ = {isa = PBXFileReference; explicitFileType = wrapper.cfbundle; includeInIndex = 0; path = YourBasicPDFTests.xctest; sourceTree = BUILT_PRODUCTS_DIR; };
		87A7AC4B2EE0033C009AF14F /* YourBasicPDFUITests.xctest */ = {isa = PBXFileReference; explicitFileType = wrapper.cfbundle; includeInIndex = 0; path = YourBasicPDFUITests.xctest; sourceTree = BUILT_PRODUCTS_DIR; };
/* End PBXFileReference section */

/* Begin PBXFileSystemSynchronizedRootGroup section */
		87A7AC342EE00338009AF14F /* YourBasicPDF */ = {
			isa = PBXFileSystemSynchronizedRootGroup;
			path = YourBasicPDF;
			sourceTree = "<group>";
		};
		87A7AC442EE0033C009AF14F /* YourBasicPDFTests */ = {
			isa = PBXFileSystemSynchronizedRootGroup;
			path = YourBasicPDFTests;
			sourceTree = "<group>";
		};
		87A7AC4E2EE0033C009AF14F /* YourBasicPDFUITests */ = {
			isa = PBXFileSystemSynchronizedRootGroup;
			path = YourBasicPDFUITests;
			sourceTree = "<group>";
		};
/* End PBXFileSystemSynchronizedRootGroup section */

/* Begin PBXFrameworksBuildPhase section */
		87A7AC2F2EE00338009AF14F /* Frameworks */ = {
			isa = PBXFrameworksBuildPhase;
			buildActionMask = 2147483647;
			files = (
			);
			runOnlyForDeploymentPostprocessing = 0;
		};
		87A7AC3E2EE0033C009AF14F /* Frameworks */ = {
			isa = PBXFrameworksBuildPhase;
			buildActionMask = 2147483647;
			files = (
			);
			runOnlyForDeploymentPostprocessing = 0;
		};
		87A7AC482EE0033C009AF14F /* Frameworks */ = {
			isa = PBXFrameworksBuildPhase;
			buildActionMask = 2147483647;
			files = (
			);
			runOnlyForDeploymentPostprocessing = 0;
		};
/* End PBXFrameworksBuildPhase section */

/* Begin PBXGroup section */
		87A7AC292EE00338009AF14F = {
			isa = PBXGroup;
			children = (
				87A7AC342EE00338009AF14F /* YourBasicPDF */,
				87A7AC442EE0033C009AF14F /* YourBasicPDFTests */,
				87A7AC4E2EE0033C009AF14F /* YourBasicPDFUITests */,
				87A7AC332EE00338009AF14F /* Products */,
			);
			sourceTree = "<group>";
		};
		87A7AC332EE00338009AF14F /* Products */ = {
			isa = PBXGroup;
			children = (
				87A7AC322EE00338009AF14F /* YourBasicPDF.app */,
				87A7AC412EE0033C009AF14F /* YourBasicPDFTests.xctest */,
				87A7AC4B2EE0033C009AF14F /* YourBasicPDFUITests.xctest */,
			);
			name = Products;
			sourceTree = "<group>";
		};
/* End PBXGroup section */

/* Begin PBXNativeTarget section */
		87A7AC312EE00338009AF14F /* YourBasicPDF */ = {
			isa = PBXNativeTarget;
			buildConfigurationList = 87A7AC552EE0033C009AF14F /* Build configuration list for PBXNativeTarget "YourBasicPDF" */;
			buildPhases = (
				87A7AC2E2EE00338009AF14F /* Sources */,
				87A7AC2F2EE00338009AF14F /* Frameworks */,
				87A7AC302EE00338009AF14F /* Resources */,
			);
			buildRules = (
			);
			dependencies = (
			);
			fileSystemSynchronizedGroups = (
				87A7AC342EE00338009AF14F /* YourBasicPDF */,
			);
			name = YourBasicPDF;
			packageProductDependencies = (
			);
			productName = YourBasicPDF;
			productReference = 87A7AC322EE00338009AF14F /* YourBasicPDF.app */;
			productType = "com.apple.product-type.application";
		};
		87A7AC402EE0033C009AF14F /* YourBasicPDFTests */ = {
			isa = PBXNativeTarget;
			buildConfigurationList = 87A7AC582EE0033C009AF14F /* Build configuration list for PBXNativeTarget "YourBasicPDFTests" */;
			buildPhases = (
				87A7AC3D2EE0033C009AF14F /* Sources */,
				87A7AC3E2EE0033C009AF14F /* Frameworks */,
				87A7AC3F2EE0033C009AF14F /* Resources */,
			);
			buildRules = (
			);
			dependencies = (
				87A7AC432EE0033C009AF14F /* PBXTargetDependency */,
			);
			fileSystemSynchronizedGroups = (
				87A7AC442EE0033C009AF14F /* YourBasicPDFTests */,
			);
			name = YourBasicPDFTests;
			packageProductDependencies = (
			);
			productName = YourBasicPDFTests;
			productReference = 87A7AC412EE0033C009AF14F /* YourBasicPDFTests.xctest */;
			productType = "com.apple.product-type.bundle.unit-test";
		};
		87A7AC4A2EE0033C009AF14F /* YourBasicPDFUITests */ = {
			isa = PBXNativeTarget;
			buildConfigurationList = 87A7AC5B2EE0033C009AF14F /* Build configuration list for PBXNativeTarget "YourBasicPDFUITests" */;
			buildPhases = (
				87A7AC472EE0033C009AF14F /* Sources */,
				87A7AC482EE0033C009AF14F /* Frameworks */,
				87A7AC492EE0033C009AF14F /* Resources */,
			);
			buildRules = (
			);
			dependencies = (
				87A7AC4D2EE0033C009AF14F /* PBXTargetDependency */,
			);
			fileSystemSynchronizedGroups = (
				87A7AC4E2EE0033C009AF14F /* YourBasicPDFUITests */,
			);
			name = YourBasicPDFUITests;
			packageProductDependencies = (
			);
			productName = YourBasicPDFUITests;
			productReference = 87A7AC4B2EE0033C009AF14F /* YourBasicPDFUITests.xctest */;
			productType = "com.apple.product-type.bundle.ui-testing";
		};
/* End PBXNativeTarget section */

/* Begin PBXProject section */
		87A7AC2A2EE00338009AF14F /* Project object */ = {
			isa = PBXProject;
			attributes = {
				BuildIndependentTargetsInParallel = 1;
				LastSwiftUpdateCheck = 2610;
				LastUpgradeCheck = 2610;
				TargetAttributes = {
					87A7AC312EE00338009AF14F = {
						CreatedOnToolsVersion = 26.1.1;
					};
					87A7AC402EE0033C009AF14F = {
						CreatedOnToolsVersion = 26.1.1;
						TestTargetID = 87A7AC312EE00338009AF14F;
					};
					87A7AC4A2EE0033C009AF14F = {
						CreatedOnToolsVersion = 26.1.1;
						TestTargetID = 87A7AC312EE00338009AF14F;
					};
				};
			};
			buildConfigurationList = 87A7AC2D2EE00338009AF14F /* Build configuration list for PBXProject "YourBasicPDF" */;
			developmentRegion = en;
			hasScannedForEncodings = 0;
			knownRegions = (
				en,
				Base,
			);
			mainGroup = 87A7AC292EE00338009AF14F;
			minimizedProjectReferenceProxies = 1;
			preferredProjectObjectVersion = 77;
			productRefGroup = 87A7AC332EE00338009AF14F /* Products */;
			projectDirPath = "";
			projectRoot = "";
			targets = (
				87A7AC312EE00338009AF14F /* YourBasicPDF */,
				87A7AC402EE0033C009AF14F /* YourBasicPDFTests */,
				87A7AC4A2EE0033C009AF14F /* YourBasicPDFUITests */,
			);
		};
/* End PBXProject section */

/* Begin PBXResourcesBuildPhase section */
		87A7AC302EE00338009AF14F /* Resources */ = {
			isa = PBXResourcesBuildPhase;
			buildActionMask = 2147483647;
			files = (
			);
			runOnlyForDeploymentPostprocessing = 0;
		};
		87A7AC3F2EE0033C009AF14F /* Resources */ = {
			isa = PBXResourcesBuildPhase;
			buildActionMask = 2147483647;
			files = (
			);
			runOnlyForDeploymentPostprocessing = 0;
		};
		87A7AC492EE0033C009AF14F /* Resources */ = {
			isa = PBXResourcesBuildPhase;
			buildActionMask = 2147483647;
			files = (
			);
			runOnlyForDeploymentPostprocessing = 0;
		};
/* End PBXResourcesBuildPhase section */

/* Begin PBXSourcesBuildPhase section */
		87A7AC2E2EE00338009AF14F /* Sources */ = {
			isa = PBXSourcesBuildPhase;
			buildActionMask = 2147483647;
			files = (
			);
			runOnlyForDeploymentPostprocessing = 0;
		};
		87A7AC3D2EE0033C009AF14F /* Sources */ = {
			isa = PBXSourcesBuildPhase;
			buildActionMask = 2147483647;
			files = (
			);
			runOnlyForDeploymentPostprocessing = 0;
		};
		87A7AC472EE0033C009AF14F /* Sources */ = {
			isa = PBXSourcesBuildPhase;
			buildActionMask = 2147483647;
			files = (
			);
			runOnlyForDeploymentPostprocessing = 0;
		};
/* End PBXSourcesBuildPhase section */

/* Begin PBXTargetDependency section */
		87A7AC432EE0033C009AF14F /* PBXTargetDependency */ = {
			isa = PBXTargetDependency;
			target = 87A7AC312EE00338009AF14F /* YourBasicPDF */;
			targetProxy = 87A7AC422EE0033C009AF14F /* PBXContainerItemProxy */;
		};
		87A7AC4D2EE0033C009AF14F /* PBXTargetDependency */ = {
			isa = PBXTargetDependency;
			target = 87A7AC312EE00338009AF14F /* YourBasicPDF */;
			targetProxy = 87A7AC4C2EE0033C009AF14F /* PBXContainerItemProxy */;
		};
/* End PBXTargetDependency section */

/* Begin XCBuildConfiguration section */
		87A7AC532EE0033C009AF14F /* Debug */ = {
			isa = XCBuildConfiguration;
			buildSettings = {
				ALWAYS_SEARCH_USER_PATHS = NO;
				ASSETCATALOG_COMPILER_GENERATE_SWIFT_ASSET_SYMBOL_EXTENSIONS = YES;
				CLANG_ANALYZER_NONNULL = YES;
				CLANG_ANALYZER_NUMBER_OBJECT_CONVERSION = YES_AGGRESSIVE;
				CLANG_CXX_LANGUAGE_STANDARD = "gnu++20";
				CLANG_ENABLE_MODULES = YES;
				CLANG_ENABLE_OBJC_ARC = YES;
				CLANG_ENABLE_OBJC_WEAK = YES;
				CLANG_WARN_BLOCK_CAPTURE_AUTORELEASING = YES;
				CLANG_WARN_BOOL_CONVERSION = YES;
				CLANG_WARN_COMMA = YES;
				CLANG_WARN_CONSTANT_CONVERSION = YES;
				CLANG_WARN_DEPRECATED_OBJC_IMPLEMENTATIONS = YES;
				CLANG_WARN_DIRECT_OBJC_ISA_USAGE = YES_ERROR;
				CLANG_WARN_DOCUMENTATION_COMMENTS = YES;
				CLANG_WARN_EMPTY_BODY = YES;
				CLANG_WARN_ENUM_CONVERSION = YES;
				CLANG_WARN_INFINITE_RECURSION = YES;
				CLANG_WARN_INT_CONVERSION = YES;
				CLANG_WARN_NON_LITERAL_NULL_CONVERSION = YES;
				CLANG_WARN_OBJC_IMPLICIT_RETAIN_SELF = YES;
				CLANG_WARN_OBJC_LITERAL_CONVERSION = YES;
				CLANG_WARN_OBJC_ROOT_CLASS = YES_ERROR;
				CLANG_WARN_QUOTED_INCLUDE_IN_FRAMEWORK_HEADER = YES;
				CLANG_WARN_RANGE_LOOP_ANALYSIS = YES;
				CLANG_WARN_STRICT_PROTOTYPES = YES;
				CLANG_WARN_SUSPICIOUS_MOVE = YES;
				CLANG_WARN_UNGUARDED_AVAILABILITY = YES_AGGRESSIVE;
				CLANG_WARN_UNREACHABLE_CODE = YES;
				CLANG_WARN__DUPLICATE_METHOD_MATCH = YES;
				COPY_PHASE_STRIP = NO;
				DEBUG_INFORMATION_FORMAT = dwarf;
				DEVELOPMENT_TEAM = 6X6Q46SLSA;
				ENABLE_STRICT_OBJC_MSGSEND = YES;
				ENABLE_TESTABILITY = YES;
				ENABLE_USER_SCRIPT_SANDBOXING = YES;
				GCC_C_LANGUAGE_STANDARD = gnu17;
				GCC_DYNAMIC_NO_PIC = NO;
				GCC_NO_COMMON_BLOCKS = YES;
				GCC_OPTIMIZATION_LEVEL = 0;
				GCC_PREPROCESSOR_DEFINITIONS = (
					"DEBUG=1",
					"$(inherited)",
				);
				GCC_WARN_64_TO_32_BIT_CONVERSION = YES;
				GCC_WARN_ABOUT_RETURN_TYPE = YES_ERROR;
				GCC_WARN_UNDECLARED_SELECTOR = YES;
				GCC_WARN_UNINITIALIZED_AUTOS = YES_AGGRESSIVE;
				GCC_WARN_UNUSED_FUNCTION = YES;
				GCC_WARN_UNUSED_VARIABLE = YES;
				LOCALIZATION_PREFERS_STRING_CATALOGS = YES;
				MACOSX_DEPLOYMENT_TARGET = 26.1;
				MTL_ENABLE_DEBUG_INFO = INCLUDE_SOURCE;
				MTL_FAST_MATH = YES;
				ONLY_ACTIVE_ARCH = YES;
				SDKROOT = macosx;
				SWIFT_ACTIVE_COMPILATION_CONDITIONS = "DEBUG $(inherited)";
				SWIFT_OPTIMIZATION_LEVEL = "-Onone";
			};
			name = Debug;
		};
		87A7AC542EE0033C009AF14F /* Release */ = {
			isa = XCBuildConfiguration;
			buildSettings = {
				ALWAYS_SEARCH_USER_PATHS = NO;
				ASSETCATALOG_COMPILER_GENERATE_SWIFT_ASSET_SYMBOL_EXTENSIONS = YES;
				CLANG_ANALYZER_NONNULL = YES;
				CLANG_ANALYZER_NUMBER_OBJECT_CONVERSION = YES_AGGRESSIVE;
				CLANG_CXX_LANGUAGE_STANDARD = "gnu++20";
				CLANG_ENABLE_MODULES = YES;
				CLANG_ENABLE_OBJC_ARC = YES;
				CLANG_ENABLE_OBJC_WEAK = YES;
				CLANG_WARN_BLOCK_CAPTURE_AUTORELEASING = YES;
				CLANG_WARN_BOOL_CONVERSION = YES;
				CLANG_WARN_COMMA = YES;
				CLANG_WARN_CONSTANT_CONVERSION = YES;
				CLANG_WARN_DEPRECATED_OBJC_IMPLEMENTATIONS = YES;
				CLANG_WARN_DIRECT_OBJC_ISA_USAGE = YES_ERROR;
				CLANG_WARN_DOCUMENTATION_COMMENTS = YES;
				CLANG_WARN_EMPTY_BODY = YES;
				CLANG_WARN_ENUM_CONVERSION = YES;
				CLANG_WARN_INFINITE_RECURSION = YES;
				CLANG_WARN_INT_CONVERSION = YES;
				CLANG_WARN_NON_LITERAL_NULL_CONVERSION = YES;
				CLANG_WARN_OBJC_IMPLICIT_RETAIN_SELF = YES;
				CLANG_WARN_OBJC_LITERAL_CONVERSION = YES;
				CLANG_WARN_OBJC_ROOT_CLASS = YES_ERROR;
				CLANG_WARN_QUOTED_INCLUDE_IN_FRAMEWORK_HEADER = YES;
				CLANG_WARN_RANGE_LOOP_ANALYSIS = YES;
				CLANG_WARN_STRICT_PROTOTYPES = YES;
				CLANG_WARN_SUSPICIOUS_MOVE = YES;
				CLANG_WARN_UNGUARDED_AVAILABILITY = YES_AGGRESSIVE;
				CLANG_WARN_UNREACHABLE_CODE = YES;
				CLANG_WARN__DUPLICATE_METHOD_MATCH = YES;
				COPY_PHASE_STRIP = NO;
				DEBUG_INFORMATION_FORMAT = "dwarf-with-dsym";
				DEVELOPMENT_TEAM = 6X6Q46SLSA;
				ENABLE_NS_ASSERTIONS = NO;
				ENABLE_STRICT_OBJC_MSGSEND = YES;
				ENABLE_USER_SCRIPT_SANDBOXING = YES;
				GCC_C_LANGUAGE_STANDARD = gnu17;
				GCC_NO_COMMON_BLOCKS = YES;
				GCC_WARN_64_TO_32_BIT_CONVERSION = YES;
				GCC_WARN_ABOUT_RETURN_TYPE = YES_ERROR;
				GCC_WARN_UNDECLARED_SELECTOR = YES;
				GCC_WARN_UNINITIALIZED_AUTOS = YES_AGGRESSIVE;
				GCC_WARN_UNUSED_FUNCTION = YES;
				GCC_WARN_UNUSED_VARIABLE = YES;
				LOCALIZATION_PREFERS_STRING_CATALOGS = YES;
				MACOSX_DEPLOYMENT_TARGET = 26.1;
				MTL_ENABLE_DEBUG_INFO = NO;
				MTL_FAST_MATH = YES;
				SDKROOT = macosx;
				SWIFT_COMPILATION_MODE = wholemodule;
			};
			name = Release;
		};
		87A7AC562EE0033C009AF14F /* Debug */ = {
			isa = XCBuildConfiguration;
			buildSettings = {
				ASSETCATALOG_COMPILER_APPICON_NAME = AppIcon;
				ASSETCATALOG_COMPILER_GLOBAL_ACCENT_COLOR_NAME = AccentColor;
				CODE_SIGN_STYLE = Automatic;
				COMBINE_HIDPI_IMAGES = YES;
				CURRENT_PROJECT_VERSION = 1;
				DEVELOPMENT_TEAM = 6X6Q46SLSA;
				ENABLE_APP_SANDBOX = YES;
				ENABLE_HARDENED_RUNTIME = YES;
				ENABLE_PREVIEWS = YES;
				ENABLE_USER_SELECTED_FILES = readonly;
				GENERATE_INFOPLIST_FILE = YES;
				INFOPLIST_KEY_NSHumanReadableCopyright = "";
				LD_RUNPATH_SEARCH_PATHS = (
					"$(inherited)",
					"@executable_path/../Frameworks",
				);
				MARKETING_VERSION = 1.0;
				PRODUCT_BUNDLE_IDENTIFIER = com.azzamubaidillah.YourBasicPDF;
				PRODUCT_NAME = "$(TARGET_NAME)";
				REGISTER_APP_GROUPS = YES;
				STRING_CATALOG_GENERATE_SYMBOLS = YES;
				SWIFT_APPROACHABLE_CONCURRENCY = YES;
				SWIFT_DEFAULT_ACTOR_ISOLATION = MainActor;
				SWIFT_EMIT_LOC_STRINGS = YES;
				SWIFT_UPCOMING_FEATURE_MEMBER_IMPORT_VISIBILITY = YES;
				SWIFT_VERSION = 5.0;
			};
			name = Debug;
		};
		87A7AC572EE0033C009AF14F /* Release */ = {
			isa = XCBuildConfiguration;
			buildSettings = {
				ASSETCATALOG_COMPILER_APPICON_NAME = AppIcon;
				ASSETCATALOG_COMPILER_GLOBAL_ACCENT_COLOR_NAME = AccentColor;
				CODE_SIGN_STYLE = Automatic;
				COMBINE_HIDPI_IMAGES = YES;
				CURRENT_PROJECT_VERSION = 1;
				DEVELOPMENT_TEAM = 6X6Q46SLSA;
				ENABLE_APP_SANDBOX = YES;
				ENABLE_HARDENED_RUNTIME = YES;
				ENABLE_PREVIEWS = YES;
				ENABLE_USER_SELECTED_FILES = readonly;
				GENERATE_INFOPLIST_FILE = YES;
				INFOPLIST_KEY_NSHumanReadableCopyright = "";
				LD_RUNPATH_SEARCH_PATHS = (
					"$(inherited)",
					"@executable_path/../Frameworks",
				);
				MARKETING_VERSION = 1.0;
				PRODUCT_BUNDLE_IDENTIFIER = com.azzamubaidillah.YourBasicPDF;
				PRODUCT_NAME = "$(TARGET_NAME)";
				REGISTER_APP_GROUPS = YES;
				STRING_CATALOG_GENERATE_SYMBOLS = YES;
				SWIFT_APPROACHABLE_CONCURRENCY = YES;
				SWIFT_DEFAULT_ACTOR_ISOLATION = MainActor;
				SWIFT_EMIT_LOC_STRINGS = YES;
				SWIFT_UPCOMING_FEATURE_MEMBER_IMPORT_VISIBILITY = YES;
				SWIFT_VERSION = 5.0;
			};
			name = Release;
		};
		87A7AC592EE0033C009AF14F /* Debug */ = {
			isa = XCBuildConfiguration;
			buildSettings = {
				BUNDLE_LOADER = "$(TEST_HOST)";
				CODE_SIGN_STYLE = Automatic;
				CURRENT_PROJECT_VERSION = 1;
				DEVELOPMENT_TEAM = 6X6Q46SLSA;
				GENERATE_INFOPLIST_FILE = YES;
				MACOSX_DEPLOYMENT_TARGET = 26.1;
				MARKETING_VERSION = 1.0;
				PRODUCT_BUNDLE_IDENTIFIER = com.azzamubaidillah.YourBasicPDFTests;
				PRODUCT_NAME = "$(TARGET_NAME)";
				STRING_CATALOG_GENERATE_SYMBOLS = NO;
				SWIFT_APPROACHABLE_CONCURRENCY = YES;
				SWIFT_EMIT_LOC_STRINGS = NO;
				SWIFT_UPCOMING_FEATURE_MEMBER_IMPORT_VISIBILITY = YES;
				SWIFT_VERSION = 5.0;
				TEST_HOST = "$(BUILT_PRODUCTS_DIR)/YourBasicPDF.app/$(BUNDLE_EXECUTABLE_FOLDER_PATH)/YourBasicPDF";
			};
			name = Debug;
		};
		87A7AC5A2EE0033C009AF14F /* Release */ = {
			isa = XCBuildConfiguration;
			buildSettings = {
				BUNDLE_LOADER = "$(TEST_HOST)";
				CODE_SIGN_STYLE = Automatic;
				CURRENT_PROJECT_VERSION = 1;
				DEVELOPMENT_TEAM = 6X6Q46SLSA;
				GENERATE_INFOPLIST_FILE = YES;
				MACOSX_DEPLOYMENT_TARGET = 26.1;
				MARKETING_VERSION = 1.0;
				PRODUCT_BUNDLE_IDENTIFIER = com.azzamubaidillah.YourBasicPDFTests;
				PRODUCT_NAME = "$(TARGET_NAME)";
				STRING_CATALOG_GENERATE_SYMBOLS = NO;
				SWIFT_APPROACHABLE_CONCURRENCY = YES;
				SWIFT_EMIT_LOC_STRINGS = NO;
				SWIFT_UPCOMING_FEATURE_MEMBER_IMPORT_VISIBILITY = YES;
				SWIFT_VERSION = 5.0;
				TEST_HOST = "$(BUILT_PRODUCTS_DIR)/YourBasicPDF.app/$(BUNDLE_EXECUTABLE_FOLDER_PATH)/YourBasicPDF";
			};
			name = Release;
		};
		87A7AC5C2EE0033C009AF14F /* Debug */ = {
			isa = XCBuildConfiguration;
			buildSettings = {
				CODE_SIGN_STYLE = Automatic;
				CURRENT_PROJECT_VERSION = 1;
				DEVELOPMENT_TEAM = 6X6Q46SLSA;
				GENERATE_INFOPLIST_FILE = YES;
				MARKETING_VERSION = 1.0;
				PRODUCT_BUNDLE_IDENTIFIER = com.azzamubaidillah.YourBasicPDFUITests;
				PRODUCT_NAME = "$(TARGET_NAME)";
				STRING_CATALOG_GENERATE_SYMBOLS = NO;
				SWIFT_APPROACHABLE_CONCURRENCY = YES;
				SWIFT_EMIT_LOC_STRINGS = NO;
				SWIFT_UPCOMING_FEATURE_MEMBER_IMPORT_VISIBILITY = YES;
				SWIFT_VERSION = 5.0;
				TEST_TARGET_NAME = YourBasicPDF;
			};
			name = Debug;
		};
		87A7AC5D2EE0033C009AF14F /* Release */ = {
			isa = XCBuildConfiguration;
			buildSettings = {
				CODE_SIGN_STYLE = Automatic;
				CURRENT_PROJECT_VERSION = 1;
				DEVELOPMENT_TEAM = 6X6Q46SLSA;
				GENERATE_INFOPLIST_FILE = YES;
				MARKETING_VERSION = 1.0;
				PRODUCT_BUNDLE_IDENTIFIER = com.azzamubaidillah.YourBasicPDFUITests;
				PRODUCT_NAME = "$(TARGET_NAME)";
				STRING_CATALOG_GENERATE_SYMBOLS = NO;
				SWIFT_APPROACHABLE_CONCURRENCY = YES;
				SWIFT_EMIT_LOC_STRINGS = NO;
				SWIFT_UPCOMING_FEATURE_MEMBER_IMPORT_VISIBILITY = YES;
				SWIFT_VERSION = 5.0;
				TEST_TARGET_NAME = YourBasicPDF;
			};
			name = Release;
		};
/* End XCBuildConfiguration section */

/* Begin XCConfigurationList section */
		87A7AC2D2EE00338009AF14F /* Build configuration list for PBXProject "YourBasicPDF" */ = {
			isa = XCConfigurationList;
			buildConfigurations = (
				87A7AC532EE0033C009AF14F /* Debug */,
				87A7AC542EE0033C009AF14F /* Release */,
			);
			defaultConfigurationIsVisible = 0;
			defaultConfigurationName = Release;
		};
		87A7AC552EE0033C009AF14F /* Build configuration list for PBXNativeTarget "YourBasicPDF" */ = {
			isa = XCConfigurationList;
			buildConfigurations = (
				87A7AC562EE0033C009AF14F /* Debug */,
				87A7AC572EE0033C009AF14F /* Release */,
			);
			defaultConfigurationIsVisible = 0;
			defaultConfigurationName = Release;
		};
		87A7AC582EE0033C009AF14F /* Build configuration list for PBXNativeTarget "YourBasicPDFTests" */ = {
			isa = XCConfigurationList;
			buildConfigurations = (
				87A7AC592EE0033C009AF14F /* Debug */,
				87A7AC5A2EE0033C009AF14F /* Release */,
			);
			defaultConfigurationIsVisible = 0;
			defaultConfigurationName = Release;
		};
		87A7AC5B2EE0033C009AF14F /* Build configuration list for PBXNativeTarget "YourBasicPDFUITests" */ = {
			isa = XCConfigurationList;
			buildConfigurations = (
				87A7AC5C2EE0033C009AF14F /* Debug */,
				87A7AC5D2EE0033C009AF14F /* Release */,
			);
			defaultConfigurationIsVisible = 0;
			defaultConfigurationName = Release;
		};
/* End XCConfigurationList section */
	};
	rootObject = 87A7AC2A2EE00338009AF14F /* Project object */;
}
